
Microsoft Visual Studio Solution File, Format Version 12.00
# Visual Studio Version 16
VisualStudioVersion = 16.0.31205.134
MinimumVisualStudioVersion = 10.0.40219.1
Project("{FAE04EC0-301F-11D3-BF4B-00C04F79EFBC}") = "CBTEventPlaningApp", "CBTEventPlaningApp\CBTEventPlaningApp.csproj", "{77ECF34A-B51A-4E78-A37A-987F137ED2E3}"
EndProject
Global
	GlobalSection(SolutionConfigurationPlatforms) = preSolution
		Debug|Any CPU = Debug|Any CPU
		Release|Any CPU = Release|Any CPU
	EndGlobalSection
	GlobalSection(ProjectConfigurationPlatforms) = postSolution
		{77ECF34A-B51A-4E78-A37A-987F137ED2E3}.Debug|Any CPU.ActiveCfg = Debug|Any CPU
		{77ECF34A-B51A-4E78-A37A-987F137ED2E3}.Debug|Any CPU.Build.0 = Debug|Any CPU
		{77ECF34A-B51A-4E78-A37A-987F137ED2E3}.Release|Any CPU.ActiveCfg = Release|Any CPU
		{77ECF34A-B51A-4E78-A37A-987F137ED2E3}.Release|Any CPU.Build.0 = Release|Any CPU
	EndGlobalSection
	GlobalSection(SolutionProperties) = preSolution
		HideSolutionNode = FALSE
	EndGlobalSection
	GlobalSection(ExtensibilityGlobals) = postSolution
		SolutionGuid = {2E8BC60E-8D45-4A3E-AFD1-9A073CAAA80C}
	EndGlobalSection
EndGlobal
